
Microsoft Visual Studio Solution File, Format Version 11.00
# Visual Studio 2010
Project("{8BC9CEB8-8B4A-11D0-8D11-00A0C91BC942}") = "project3", "project3\project3.vcxproj", "{A27E418A-B8D0-4303-80FB-D5ABD139DCC5}"
EndProject
Global
	GlobalSection(SolutionConfigurationPlatforms) = preSolution
		Debug|Win32 = Debug|Win32
		Release|Win32 = Release|Win32
	EndGlobalSection
	GlobalSection(ProjectConfigurationPlatforms) = postSolution
		{A27E418A-B8D0-4303-80FB-D5ABD139DCC5}.Debug|Win32.ActiveCfg = Debug|Win32
		{A27E418A-B8D0-4303-80FB-D5ABD139DCC5}.Debug|Win32.Build.0 = Debug|Win32
		{A27E418A-B8D0-4303-80FB-D5ABD139DCC5}.Release|Win32.ActiveCfg = Release|Win32
		{A27E418A-B8D0-4303-80FB-D5ABD139DCC5}.Release|Win32.Build.0 = Release|Win32
	EndGlobalSection
	GlobalSection(SolutionProperties) = preSolution
		HideSolutionNode = FALSE
	EndGlobalSection
EndGlobal
