<?xml version="1.0" encoding="utf-8"?>
<Project ToolsVersion="4.0" xmlns="http://schemas.microsoft.com/developer/msbuild/2003">
  <ItemGroup>
    <Filter Include="Source Files">
      <UniqueIdentifier>{4FC737F1-C7A5-4376-A066-2A32D752A2FF}</UniqueIdentifier>
      <Extensions>cpp;c;cc;cxx;def;odl;idl;hpj;bat;asm;asmx</Extensions>
    </Filter>
    <Filter Include="Header Files">
      <UniqueIdentifier>{93995380-89BD-4b04-88EB-625FBE52EBFB}</UniqueIdentifier>
      <Extensions>h;hpp;hxx;hm;inl;inc;xsd</Extensions>
    </Filter>
    <Filter Include="Resource Files">
      <UniqueIdentifier>{67DA6AB6-F800-4c08-8B7A-83BB121AAD01}</UniqueIdentifier>
      <Extensions>rc;ico;cur;bmp;dlg;rc2;rct;bin;rgs;gif;jpg;jpeg;jpe;resx;tiff;tif;png;wav;mfcribbon-ms</Extensions>
    </Filter>
  </ItemGroup>
  <ItemGroup>
    <None Include="ReadMe.txt" />
    <None Include="app.ico">
      <Filter>Resource Files</Filter>
    </None>
    <None Include="activeuser.txt">
      <Filter>Resource Files</Filter>
    </None>
    <None Include="AddContacts.srf" />
  </ItemGroup>
  <ItemGroup>
    <ClCompile Include="project3.cpp">
      <Filter>Source Files</Filter>
    </ClCompile>
    <ClCompile Include="AssemblyInfo.cpp">
      <Filter>Source Files</Filter>
    </ClCompile>
    <ClCompile Include="stdafx.cpp">
      <Filter>Source Files</Filter>
    </ClCompile>
    <ClCompile Include="login.cpp">
      <Filter>Source Files</Filter>
    </ClCompile>
    <ClCompile Include="home.cpp">
      <Filter>Source Files</Filter>
    </ClCompile>
    <ClCompile Include="home_DEO.cpp">
      <Filter>Source Files</Filter>
    </ClCompile>
    <ClCompile Include="adminAddVendor1.cpp">
      <Filter>Source Files</Filter>
    </ClCompile>
    <ClCompile Include="addEmployee.cpp">
      <Filter>Source Files</Filter>
    </ClCompile>
    <ClCompile Include="addNotifications.cpp">
      <Filter>Source Files</Filter>
    </ClCompile>
    <ClCompile Include="vendorRequests.cpp">
      <Filter>Source Files</Filter>
    </ClCompile>
    <ClCompile Include="issueNotifications.cpp">
      <Filter>Source Files</Filter>
    </ClCompile>
    <ClCompile Include="changePass.cpp">
      <Filter>Header Files</Filter>
    </ClCompile>
    <ClCompile Include="deoAddVendor.cpp">
      <Filter>Header Files</Filter>
    </ClCompile>
    <ClCompile Include="addProduct.cpp">
      <Filter>Header Files</Filter>
    </ClCompile>
    <ClCompile Include="issueProductForm.cpp">
      <Filter>Header Files</Filter>
    </ClCompile>
    <ClCompile Include="historyForm.cpp">
      <Filter>Header Files</Filter>
    </ClCompile>
    <ClCompile Include="DeleteVendor.cpp">
      <Filter>Source Files</Filter>
    </ClCompile>
    <ClCompile Include="AddContacts.cpp">
      <Filter>Source Files</Filter>
    </ClCompile>
  </ItemGroup>
  <ItemGroup>
    <ClInclude Include="Form1.h">
      <Filter>Header Files</Filter>
    </ClInclude>
    <ClInclude Include="stdafx.h">
      <Filter>Header Files</Filter>
    </ClInclude>
    <ClInclude Include="resource.h">
      <Filter>Header Files</Filter>
    </ClInclude>
    <ClInclude Include="login.h">
      <Filter>Header Files</Filter>
    </ClInclude>
    <ClInclude Include="home.h">
      <Filter>Header Files</Filter>
    </ClInclude>
    <ClInclude Include="home_DEO.h">
      <Filter>Header Files</Filter>
    </ClInclude>
    <ClInclude Include="adminAddVendor1.h">
      <Filter>Header Files</Filter>
    </ClInclude>
    <ClInclude Include="addEmployeeForm.h">
      <Filter>Header Files</Filter>
    </ClInclude>
    <ClInclude Include="issueNotifications.h">
      <Filter>Header Files</Filter>
    </ClInclude>
    <ClInclude Include="addNotifications.h">
      <Filter>Header Files</Filter>
    </ClInclude>
    <ClInclude Include="vendorRequests.h">
      <Filter>Header Files</Filter>
    </ClInclude>
    <ClInclude Include="changePass.h">
      <Filter>Header Files</Filter>
    </ClInclude>
    <ClInclude Include="deoAddVendor.h">
      <Filter>Header Files</Filter>
    </ClInclude>
    <ClInclude Include="addProduct.h">
      <Filter>Header Files</Filter>
    </ClInclude>
    <ClInclude Include="issueProductForm.h">
      <Filter>Header Files</Filter>
    </ClInclude>
    <ClInclude Include="historyForm.h">
      <Filter>Header Files</Filter>
    </ClInclude>
    <ClInclude Include="DeleteVendor.h">
      <Filter>Header Files</Filter>
    </ClInclude>
    <ClInclude Include="RemoveEmployee.h">
      <Filter>Header Files</Filter>
    </ClInclude>
    <ClInclude Include="AddContacts.h">
      <Filter>Header Files</Filter>
    </ClInclude>
  </ItemGroup>
  <ItemGroup>
    <ResourceCompile Include="app.rc">
      <Filter>Resource Files</Filter>
    </ResourceCompile>
  </ItemGroup>
  <ItemGroup>
    <EmbeddedResource Include="Form1.resX">
      <Filter>Resource Files</Filter>
    </EmbeddedResource>
    <EmbeddedResource Include="home.resx">
      <Filter>Resource Files</Filter>
    </EmbeddedResource>
    <EmbeddedResource Include="login.resx">
      <Filter>Resource Files</Filter>
    </EmbeddedResource>
    <EmbeddedResource Include="addEmployeeForm.resx">
      <Filter>Resource Files</Filter>
    </EmbeddedResource>
    <EmbeddedResource Include="addNotifications.resx">
      <Filter>Resource Files</Filter>
    </EmbeddedResource>
    <EmbeddedResource Include="addProduct.resx">
      <Filter>Resource Files</Filter>
    </EmbeddedResource>
    <EmbeddedResource Include="adminAddVendor1.resx">
      <Filter>Resource Files</Filter>
    </EmbeddedResource>
    <EmbeddedResource Include="changePass.resx">
      <Filter>Resource Files</Filter>
    </EmbeddedResource>
    <EmbeddedResource Include="deoAddVendor.resx">
      <Filter>Resource Files</Filter>
    </EmbeddedResource>
    <EmbeddedResource Include="historyForm.resx">
      <Filter>Resource Files</Filter>
    </EmbeddedResource>
    <EmbeddedResource Include="home_DEO.resx">
      <Filter>Resource Files</Filter>
    </EmbeddedResource>
    <EmbeddedResource Include="issueNotifications.resx">
      <Filter>Resource Files</Filter>
    </EmbeddedResource>
    <EmbeddedResource Include="issueProductForm.resx">
      <Filter>Resource Files</Filter>
    </EmbeddedResource>
    <EmbeddedResource Include="vendorRequests.resx">
      <Filter>Resource Files</Filter>
    </EmbeddedResource>
    <EmbeddedResource Include="DeleteVendor.resx">
      <Filter>Resource Files</Filter>
    </EmbeddedResource>
    <EmbeddedResource Include="RemoveEmployee.resx">
      <Filter>Resource Files</Filter>
    </EmbeddedResource>
  </ItemGroup>
</Project>